{
  "originHash" : "84603b101ad4d81af438e3ebbecbf51b72f12cdb85313f349b20053bab17d655",
  "pins" : [
    {
      "identity" : "batteryview",
      "kind" : "remoteSourceControl",
      "location" : "https://github.com/theMomax/BatteryView",
      "state" : {
        "branch" : "main",
        "revision" : "a800142347e2fc5e344a547fb29b6d46c3dddcf1"
      }
    },
    {
      "identity" : "umyoblesdk",
      "kind" : "remoteSourceControl",
      "location" : "https://github.com/Aahil52/uMyoBleSdk",
      "state" : {
        "branch" : "main",
        "revision" : "1870db26d43a5e78e37a3551210cd2e3b0496e48"
      }
    }
  ],
  "version" : 3
}
